
Microsoft Visual Studio Solution File, Format Version 12.00
# Visual Studio Version 16
VisualStudioVersion = 16.0.30011.22
MinimumVisualStudioVersion = 10.0.40219.1
Project("{FAE04EC0-301F-11D3-BF4B-00C04F79EFBC}") = "snake", "snake\snake.csproj", "{CFECB084-5CCC-4316-ACF6-D0F632BCA143}"
EndProject
Global
	GlobalSection(SolutionConfigurationPlatforms) = preSolution
		Debug|Any CPU = Debug|Any CPU
		Release|Any CPU = Release|Any CPU
	EndGlobalSection
	GlobalSection(ProjectConfigurationPlatforms) = postSolution
		{CFECB084-5CCC-4316-ACF6-D0F632BCA143}.Debug|Any CPU.ActiveCfg = Debug|Any CPU
		{CFECB084-5CCC-4316-ACF6-D0F632BCA143}.Debug|Any CPU.Build.0 = Debug|Any CPU
		{CFECB084-5CCC-4316-ACF6-D0F632BCA143}.Release|Any CPU.ActiveCfg = Release|Any CPU
		{CFECB084-5CCC-4316-ACF6-D0F632BCA143}.Release|Any CPU.Build.0 = Release|Any CPU
	EndGlobalSection
	GlobalSection(SolutionProperties) = preSolution
		HideSolutionNode = FALSE
	EndGlobalSection
	GlobalSection(ExtensibilityGlobals) = postSolution
		SolutionGuid = {4D47A88E-CE85-4DB7-8C8B-01B4443A1BFB}
	EndGlobalSection
EndGlobal
